
Microsoft Visual Studio Solution File, Format Version 12.00
# Visual Studio 15
VisualStudioVersion = 15.0.28307.1022
MinimumVisualStudioVersion = 10.0.40219.1
Project("{FAE04EC0-301F-11D3-BF4B-00C04F79EFBC}") = "Online_floral_delivery", "Online_floral_delivery\Online_floral_delivery.csproj", "{A1B473E6-D888-4FC3-89F7-76570A65A21B}"
EndProject
Global
	GlobalSection(SolutionConfigurationPlatforms) = preSolution
		Debug|Any CPU = Debug|Any CPU
		Release|Any CPU = Release|Any CPU
	EndGlobalSection
	GlobalSection(ProjectConfigurationPlatforms) = postSolution
		{A1B473E6-D888-4FC3-89F7-76570A65A21B}.Debug|Any CPU.ActiveCfg = Debug|Any CPU
		{A1B473E6-D888-4FC3-89F7-76570A65A21B}.Debug|Any CPU.Build.0 = Debug|Any CPU
		{A1B473E6-D888-4FC3-89F7-76570A65A21B}.Release|Any CPU.ActiveCfg = Release|Any CPU
		{A1B473E6-D888-4FC3-89F7-76570A65A21B}.Release|Any CPU.Build.0 = Release|Any CPU
	EndGlobalSection
	GlobalSection(SolutionProperties) = preSolution
		HideSolutionNode = FALSE
	EndGlobalSection
	GlobalSection(ExtensibilityGlobals) = postSolution
		SolutionGuid = {A8E417B2-BD98-4BB0-9728-814C08620A7A}
	EndGlobalSection
EndGlobal
